// !$*UTF8*$!
{
	archiveVersion = 1;
	classes = {
	};
	objectVersion = 56;
	objects = {

/* Begin PBXBuildFile section */
		A10000002000000000000001 /* PaperBridgeApp.swift in Sources */ = {isa = PBXBuildFile; fileRef = A10000001000000000000001 /* PaperBridgeApp.swift */; };
		A10000002000000000000002 /* ContentView.swift in Sources */ = {isa = PBXBuildFile; fileRef = A10000001000000000000002 /* ContentView.swift */; };
		A10000002000000000000003 /* Models.swift in Sources */ = {isa = PBXBuildFile; fileRef = A10000001000000000000003 /* Models.swift */; };
		A10000002000000000000004 /* PaperReaderViewModel.swift in Sources */ = {isa = PBXBuildFile; fileRef = A10000001000000000000004 /* PaperReaderViewModel.swift */; };
		A10000002000000000000005 /* OllamaClient.swift in Sources */ = {isa = PBXBuildFile; fileRef = A10000001000000000000005 /* OllamaClient.swift */; };
		A10000002000000000000006 /* PDFTextExtractor.swift in Sources */ = {isa = PBXBuildFile; fileRef = A10000001000000000000006 /* PDFTextExtractor.swift */; };
		A10000002000000000000007 /* TextProcessing.swift in Sources */ = {isa = PBXBuildFile; fileRef = A10000001000000000000007 /* TextProcessing.swift */; };
		A10000002000000000000008 /* Hashing.swift in Sources */ = {isa = PBXBuildFile; fileRef = A10000001000000000000008 /* Hashing.swift */; };
		A10000002000000000000009 /* MarkdownDocument.swift in Sources */ = {isa = PBXBuildFile; fileRef = A10000001000000000000009 /* MarkdownDocument.swift */; };
		A1000000200000000000000A /* Assets.xcassets in Resources */ = {isa = PBXBuildFile; fileRef = A1000000100000000000000A /* Assets.xcassets */; };
		A1000000200000000000000B /* PaperReaderViewModel+Selection.swift in Sources */ = {isa = PBXBuildFile; fileRef = A1000000100000000000000C /* PaperReaderViewModel+Selection.swift */; };
		A1000000200000000000000C /* WorkspaceStore.swift in Sources */ = {isa = PBXBuildFile; fileRef = A1000000100000000000000D /* WorkspaceStore.swift */; };
		A1000000200000000000000D /* PaperBridgeUI.swift in Sources */ = {isa = PBXBuildFile; fileRef = A1000000100000000000000E /* PaperBridgeUI.swift */; };
		A1000000200000000000000E /* SelectableAcademicText.swift in Sources */ = {isa = PBXBuildFile; fileRef = A1000000100000000000000F /* SelectableAcademicText.swift */; };
		A1000000200000000000000F /* SelectionInspectorView.swift in Sources */ = {isa = PBXBuildFile; fileRef = A10000001000000000000010 /* SelectionInspectorView.swift */; };
		A10000002000000000000010 /* SettingsView.swift in Sources */ = {isa = PBXBuildFile; fileRef = A10000001000000000000011 /* SettingsView.swift */; };
		A10000002000000000000011 /* AcademicMarkdownProcessor.swift in Sources */ = {isa = PBXBuildFile; fileRef = A10000001000000000000012 /* AcademicMarkdownProcessor.swift */; };
		A10000002000000000000012 /* MinerUService.swift in Sources */ = {isa = PBXBuildFile; fileRef = A10000001000000000000013 /* MinerUService.swift */; };
		A10000002000000000000013 /* MarkdownBundleExporter.swift in Sources */ = {isa = PBXBuildFile; fileRef = A10000001000000000000014 /* MarkdownBundleExporter.swift */; };
		A10000002000000000000014 /* MarkdownPreviewHTMLRenderer.swift in Sources */ = {isa = PBXBuildFile; fileRef = A10000001000000000000015 /* MarkdownPreviewHTMLRenderer.swift */; };
		A10000002000000000000015 /* MarkdownPreviewView.swift in Sources */ = {isa = PBXBuildFile; fileRef = A10000001000000000000016 /* MarkdownPreviewView.swift */; };
		A10000002000000000000016 /* tex-svg-full.js in Resources */ = {isa = PBXBuildFile; fileRef = A10000001000000000000017 /* tex-svg-full.js */; };
		A10000002000000000000017 /* PDFVisualArchiveService.swift in Sources */ = {isa = PBXBuildFile; fileRef = A10000001000000000000018 /* PDFVisualArchiveService.swift */; };
		A10000002000000000000018 /* PDFDocumentView.swift in Sources */ = {isa = PBXBuildFile; fileRef = A10000001000000000000019 /* PDFDocumentView.swift */; };
		A10000002000000000000019 /* LocalToolInstaller.swift in Sources */ = {isa = PBXBuildFile; fileRef = A1000000100000000000001A /* LocalToolInstaller.swift */; };
		A1000000200000000000001A /* PaperReaderViewModel+Setup.swift in Sources */ = {isa = PBXBuildFile; fileRef = A1000000100000000000001B /* PaperReaderViewModel+Setup.swift */; };
/* End PBXBuildFile section */

/* Begin PBXFileReference section */
		A10000001000000000000001 /* PaperBridgeApp.swift */ = {isa = PBXFileReference; lastKnownFileType = sourcecode.swift; path = PaperBridgeApp.swift; sourceTree = "<group>"; };
		A10000001000000000000002 /* ContentView.swift */ = {isa = PBXFileReference; lastKnownFileType = sourcecode.swift; path = ContentView.swift; sourceTree = "<group>"; };
		A10000001000000000000003 /* Models.swift */ = {isa = PBXFileReference; lastKnownFileType = sourcecode.swift; path = Models.swift; sourceTree = "<group>"; };
		A10000001000000000000004 /* PaperReaderViewModel.swift */ = {isa = PBXFileReference; lastKnownFileType = sourcecode.swift; path = PaperReaderViewModel.swift; sourceTree = "<group>"; };
		A10000001000000000000005 /* OllamaClient.swift */ = {isa = PBXFileReference; lastKnownFileType = sourcecode.swift; path = OllamaClient.swift; sourceTree = "<group>"; };
		A10000001000000000000006 /* PDFTextExtractor.swift */ = {isa = PBXFileReference; lastKnownFileType = sourcecode.swift; path = PDFTextExtractor.swift; sourceTree = "<group>"; };
		A10000001000000000000007 /* TextProcessing.swift */ = {isa = PBXFileReference; lastKnownFileType = sourcecode.swift; path = TextProcessing.swift; sourceTree = "<group>"; };
		A10000001000000000000008 /* Hashing.swift */ = {isa = PBXFileReference; lastKnownFileType = sourcecode.swift; path = Hashing.swift; sourceTree = "<group>"; };
		A10000001000000000000009 /* MarkdownDocument.swift */ = {isa = PBXFileReference; lastKnownFileType = sourcecode.swift; path = MarkdownDocument.swift; sourceTree = "<group>"; };
		A1000000100000000000000A /* Assets.xcassets */ = {isa = PBXFileReference; lastKnownFileType = folder.assetcatalog; path = Assets.xcassets; sourceTree = "<group>"; };
		A1000000100000000000000B /* PaperBridge.app */ = {isa = PBXFileReference; explicitFileType = wrapper.application; includeInIndex = 0; path = PaperBridge.app; sourceTree = BUILT_PRODUCTS_DIR; };
		A1000000100000000000000C /* PaperReaderViewModel+Selection.swift */ = {isa = PBXFileReference; lastKnownFileType = sourcecode.swift; path = "PaperReaderViewModel+Selection.swift"; sourceTree = "<group>"; };
		A1000000100000000000000D /* WorkspaceStore.swift */ = {isa = PBXFileReference; lastKnownFileType = sourcecode.swift; path = WorkspaceStore.swift; sourceTree = "<group>"; };
		A1000000100000000000000E /* PaperBridgeUI.swift */ = {isa = PBXFileReference; lastKnownFileType = sourcecode.swift; path = PaperBridgeUI.swift; sourceTree = "<group>"; };
		A1000000100000000000000F /* SelectableAcademicText.swift */ = {isa = PBXFileReference; lastKnownFileType = sourcecode.swift; path = SelectableAcademicText.swift; sourceTree = "<group>"; };
		A10000001000000000000010 /* SelectionInspectorView.swift */ = {isa = PBXFileReference; lastKnownFileType = sourcecode.swift; path = SelectionInspectorView.swift; sourceTree = "<group>"; };
		A10000001000000000000011 /* SettingsView.swift */ = {isa = PBXFileReference; lastKnownFileType = sourcecode.swift; path = SettingsView.swift; sourceTree = "<group>"; };
		A10000001000000000000012 /* AcademicMarkdownProcessor.swift */ = {isa = PBXFileReference; lastKnownFileType = sourcecode.swift; path = AcademicMarkdownProcessor.swift; sourceTree = "<group>"; };
		A10000001000000000000013 /* MinerUService.swift */ = {isa = PBXFileReference; lastKnownFileType = sourcecode.swift; path = MinerUService.swift; sourceTree = "<group>"; };
		A10000001000000000000014 /* MarkdownBundleExporter.swift */ = {isa = PBXFileReference; lastKnownFileType = sourcecode.swift; path = MarkdownBundleExporter.swift; sourceTree = "<group>"; };
		A10000001000000000000015 /* MarkdownPreviewHTMLRenderer.swift */ = {isa = PBXFileReference; lastKnownFileType = sourcecode.swift; path = MarkdownPreviewHTMLRenderer.swift; sourceTree = "<group>"; };
		A10000001000000000000016 /* MarkdownPreviewView.swift */ = {isa = PBXFileReference; lastKnownFileType = sourcecode.swift; path = MarkdownPreviewView.swift; sourceTree = "<group>"; };
		A10000001000000000000017 /* tex-svg-full.js */ = {isa = PBXFileReference; lastKnownFileType = sourcecode.javascript; path = "tex-svg-full.js"; sourceTree = "<group>"; };
		A10000001000000000000018 /* PDFVisualArchiveService.swift */ = {isa = PBXFileReference; lastKnownFileType = sourcecode.swift; path = PDFVisualArchiveService.swift; sourceTree = "<group>"; };
		A10000001000000000000019 /* PDFDocumentView.swift */ = {isa = PBXFileReference; lastKnownFileType = sourcecode.swift; path = PDFDocumentView.swift; sourceTree = "<group>"; };
		A1000000100000000000001A /* LocalToolInstaller.swift */ = {isa = PBXFileReference; lastKnownFileType = sourcecode.swift; path = LocalToolInstaller.swift; sourceTree = "<group>"; };
		A1000000100000000000001B /* PaperReaderViewModel+Setup.swift */ = {isa = PBXFileReference; lastKnownFileType = sourcecode.swift; path = "PaperReaderViewModel+Setup.swift"; sourceTree = "<group>"; };
/* End PBXFileReference section */

/* Begin PBXFrameworksBuildPhase section */
		A10000003000000000000001 /* Frameworks */ = {
			isa = PBXFrameworksBuildPhase;
			buildActionMask = 2147483647;
			files = (
			);
			runOnlyForDeploymentPostprocessing = 0;
		};
/* End PBXFrameworksBuildPhase section */

/* Begin PBXGroup section */
		A10000004000000000000001 = {
			isa = PBXGroup;
			children = (
				A10000004000000000000002 /* PaperBridge */,
				A10000004000000000000003 /* Products */,
			);
			sourceTree = "<group>";
		};
		A10000004000000000000002 /* PaperBridge */ = {
			isa = PBXGroup;
			children = (
				A10000001000000000000001 /* PaperBridgeApp.swift */,
				A10000001000000000000002 /* ContentView.swift */,
				A10000001000000000000003 /* Models.swift */,
				A10000001000000000000004 /* PaperReaderViewModel.swift */,
				A1000000100000000000000C /* PaperReaderViewModel+Selection.swift */,
				A1000000100000000000001B /* PaperReaderViewModel+Setup.swift */,
				A10000004000000000000004 /* Services */,
				A10000004000000000000005 /* Utilities */,
				A10000004000000000000006 /* Views */,
				A10000004000000000000007 /* Resources */,
				A1000000100000000000000A /* Assets.xcassets */,
			);
			path = PaperBridge;
			sourceTree = "<group>";
		};
		A10000004000000000000003 /* Products */ = {
			isa = PBXGroup;
			children = (
				A1000000100000000000000B /* PaperBridge.app */,
			);
			name = Products;
			sourceTree = "<group>";
		};
		A10000004000000000000004 /* Services */ = {
			isa = PBXGroup;
			children = (
				A10000001000000000000005 /* OllamaClient.swift */,
				A10000001000000000000006 /* PDFTextExtractor.swift */,
				A10000001000000000000007 /* TextProcessing.swift */,
				A1000000100000000000000D /* WorkspaceStore.swift */,
				A10000001000000000000012 /* AcademicMarkdownProcessor.swift */,
				A10000001000000000000013 /* MinerUService.swift */,
				A10000001000000000000014 /* MarkdownBundleExporter.swift */,
				A10000001000000000000018 /* PDFVisualArchiveService.swift */,
				A1000000100000000000001A /* LocalToolInstaller.swift */,
			);
			path = Services;
			sourceTree = "<group>";
		};
		A10000004000000000000005 /* Utilities */ = {
			isa = PBXGroup;
			children = (
				A10000001000000000000008 /* Hashing.swift */,
				A10000001000000000000009 /* MarkdownDocument.swift */,
				A10000001000000000000015 /* MarkdownPreviewHTMLRenderer.swift */,
			);
			path = Utilities;
			sourceTree = "<group>";
		};
		A10000004000000000000006 /* Views */ = {
			isa = PBXGroup;
			children = (
				A1000000100000000000000E /* PaperBridgeUI.swift */,
				A1000000100000000000000F /* SelectableAcademicText.swift */,
				A10000001000000000000010 /* SelectionInspectorView.swift */,
				A10000001000000000000011 /* SettingsView.swift */,
				A10000001000000000000016 /* MarkdownPreviewView.swift */,
				A10000001000000000000019 /* PDFDocumentView.swift */,
			);
			path = Views;
			sourceTree = "<group>";
		};
		A10000004000000000000007 /* Resources */ = {
			isa = PBXGroup;
			children = (
				A10000001000000000000017 /* tex-svg-full.js */,
			);
			path = Resources;
			sourceTree = "<group>";
		};
/* End PBXGroup section */

/* Begin PBXNativeTarget section */
		A10000005000000000000001 /* PaperBridge */ = {
			isa = PBXNativeTarget;
			buildConfigurationList = A10000007000000000000002 /* Build configuration list for PBXNativeTarget "PaperBridge" */;
			buildPhases = (
				A10000003000000000000002 /* Sources */,
				A10000003000000000000001 /* Frameworks */,
				A10000003000000000000003 /* Resources */,
			);
			buildRules = (
			);
			dependencies = (
			);
			name = PaperBridge;
			productName = PaperBridge;
			productReference = A1000000100000000000000B /* PaperBridge.app */;
			productType = "com.apple.product-type.application";
		};
/* End PBXNativeTarget section */

/* Begin PBXProject section */
		A10000006000000000000001 /* Project object */ = {
			isa = PBXProject;
			attributes = {
				BuildIndependentTargetsInParallel = 1;
				LastSwiftUpdateCheck = 1630;
				LastUpgradeCheck = 1630;
				TargetAttributes = {
					A10000005000000000000001 = {
						CreatedOnToolsVersion = 16.3;
					};
				};
			};
			buildConfigurationList = A10000007000000000000001 /* Build configuration list for PBXProject "PaperBridge" */;
			compatibilityVersion = "Xcode 14.0";
			developmentRegion = en;
			hasScannedForEncodings = 0;
			knownRegions = (
				en,
				Base,
			);
			mainGroup = A10000004000000000000001;
			productRefGroup = A10000004000000000000003 /* Products */;
			projectDirPath = "";
			projectRoot = "";
			targets = (
				A10000005000000000000001 /* PaperBridge */,
			);
		};
/* End PBXProject section */

/* Begin PBXResourcesBuildPhase section */
		A10000003000000000000003 /* Resources */ = {
			isa = PBXResourcesBuildPhase;
			buildActionMask = 2147483647;
			files = (
				A1000000200000000000000A /* Assets.xcassets in Resources */,
				A10000002000000000000016 /* tex-svg-full.js in Resources */,
			);
			runOnlyForDeploymentPostprocessing = 0;
		};
/* End PBXResourcesBuildPhase section */

/* Begin PBXSourcesBuildPhase section */
		A10000003000000000000002 /* Sources */ = {
			isa = PBXSourcesBuildPhase;
			buildActionMask = 2147483647;
			files = (
				A10000002000000000000002 /* ContentView.swift in Sources */,
				A10000002000000000000008 /* Hashing.swift in Sources */,
				A10000002000000000000009 /* MarkdownDocument.swift in Sources */,
				A10000002000000000000003 /* Models.swift in Sources */,
				A10000002000000000000005 /* OllamaClient.swift in Sources */,
				A10000002000000000000004 /* PaperReaderViewModel.swift in Sources */,
				A1000000200000000000000B /* PaperReaderViewModel+Selection.swift in Sources */,
				A10000002000000000000001 /* PaperBridgeApp.swift in Sources */,
				A10000002000000000000006 /* PDFTextExtractor.swift in Sources */,
				A10000002000000000000007 /* TextProcessing.swift in Sources */,
				A1000000200000000000000C /* WorkspaceStore.swift in Sources */,
				A1000000200000000000000D /* PaperBridgeUI.swift in Sources */,
				A1000000200000000000000E /* SelectableAcademicText.swift in Sources */,
				A1000000200000000000000F /* SelectionInspectorView.swift in Sources */,
				A10000002000000000000010 /* SettingsView.swift in Sources */,
				A10000002000000000000011 /* AcademicMarkdownProcessor.swift in Sources */,
				A10000002000000000000012 /* MinerUService.swift in Sources */,
				A10000002000000000000013 /* MarkdownBundleExporter.swift in Sources */,
				A10000002000000000000014 /* MarkdownPreviewHTMLRenderer.swift in Sources */,
				A10000002000000000000015 /* MarkdownPreviewView.swift in Sources */,
				A10000002000000000000017 /* PDFVisualArchiveService.swift in Sources */,
				A10000002000000000000018 /* PDFDocumentView.swift in Sources */,
				A10000002000000000000019 /* LocalToolInstaller.swift in Sources */,
				A1000000200000000000001A /* PaperReaderViewModel+Setup.swift in Sources */,
			);
			runOnlyForDeploymentPostprocessing = 0;
		};
/* End PBXSourcesBuildPhase section */

/* Begin XCBuildConfiguration section */
		A10000008000000000000001 /* Debug */ = {
			isa = XCBuildConfiguration;
			buildSettings = {
				ALWAYS_SEARCH_USER_PATHS = NO;
				CLANG_ENABLE_MODULES = YES;
				COPY_PHASE_STRIP = NO;
				DEBUG_INFORMATION_FORMAT = dwarf;
				ENABLE_STRICT_OBJC_MSGSEND = YES;
				GCC_C_LANGUAGE_STANDARD = gnu17;
				GCC_NO_COMMON_BLOCKS = YES;
				GCC_WARN_64_TO_32_BIT_CONVERSION = YES;
				GCC_WARN_ABOUT_RETURN_TYPE = YES_ERROR;
				GCC_WARN_UNDECLARED_SELECTOR = YES;
				GCC_WARN_UNINITIALIZED_AUTOS = YES_AGGRESSIVE;
				GCC_WARN_UNUSED_FUNCTION = YES;
				GCC_WARN_UNUSED_VARIABLE = YES;
				MACOSX_DEPLOYMENT_TARGET = 14.0;
				ONLY_ACTIVE_ARCH = YES;
				SDKROOT = macosx;
				SWIFT_ACTIVE_COMPILATION_CONDITIONS = DEBUG;
				SWIFT_OPTIMIZATION_LEVEL = "-Onone";
			};
			name = Debug;
		};
		A10000008000000000000002 /* Release */ = {
			isa = XCBuildConfiguration;
			buildSettings = {
				ALWAYS_SEARCH_USER_PATHS = NO;
				CLANG_ENABLE_MODULES = YES;
				COPY_PHASE_STRIP = NO;
				DEBUG_INFORMATION_FORMAT = "dwarf-with-dsym";
				ENABLE_NS_ASSERTIONS = NO;
				ENABLE_STRICT_OBJC_MSGSEND = YES;
				GCC_C_LANGUAGE_STANDARD = gnu17;
				GCC_NO_COMMON_BLOCKS = YES;
				GCC_WARN_64_TO_32_BIT_CONVERSION = YES;
				GCC_WARN_ABOUT_RETURN_TYPE = YES_ERROR;
				GCC_WARN_UNDECLARED_SELECTOR = YES;
				GCC_WARN_UNINITIALIZED_AUTOS = YES_AGGRESSIVE;
				GCC_WARN_UNUSED_FUNCTION = YES;
				GCC_WARN_UNUSED_VARIABLE = YES;
				MACOSX_DEPLOYMENT_TARGET = 14.0;
				SDKROOT = macosx;
				SWIFT_COMPILATION_MODE = wholemodule;
			};
			name = Release;
		};
		A10000008000000000000003 /* Debug */ = {
			isa = XCBuildConfiguration;
			buildSettings = {
				ASSETCATALOG_COMPILER_APPICON_NAME = AppIcon;
				ASSETCATALOG_COMPILER_GLOBAL_ACCENT_COLOR_NAME = AccentColor;
				CODE_SIGN_STYLE = Automatic;
				CURRENT_PROJECT_VERSION = 5;
				GENERATE_INFOPLIST_FILE = YES;
				INFOPLIST_KEY_LSApplicationCategoryType = "public.app-category.productivity";
				LD_RUNPATH_SEARCH_PATHS = (
					"$(inherited)",
					"@executable_path/../Frameworks",
				);
				MACOSX_DEPLOYMENT_TARGET = 14.0;
				MARKETING_VERSION = 1.4;
				PRODUCT_BUNDLE_IDENTIFIER = com.haoyunli.PaperBridge;
				PRODUCT_NAME = "$(TARGET_NAME)";
				SWIFT_EMIT_LOC_STRINGS = YES;
				SWIFT_VERSION = 5.0;
			};
			name = Debug;
		};
		A10000008000000000000004 /* Release */ = {
			isa = XCBuildConfiguration;
			buildSettings = {
				ASSETCATALOG_COMPILER_APPICON_NAME = AppIcon;
				ASSETCATALOG_COMPILER_GLOBAL_ACCENT_COLOR_NAME = AccentColor;
				CODE_SIGN_STYLE = Automatic;
				CURRENT_PROJECT_VERSION = 5;
				GENERATE_INFOPLIST_FILE = YES;
				INFOPLIST_KEY_LSApplicationCategoryType = "public.app-category.productivity";
				LD_RUNPATH_SEARCH_PATHS = (
					"$(inherited)",
					"@executable_path/../Frameworks",
				);
				MACOSX_DEPLOYMENT_TARGET = 14.0;
				MARKETING_VERSION = 1.4;
				PRODUCT_BUNDLE_IDENTIFIER = com.haoyunli.PaperBridge;
				PRODUCT_NAME = "$(TARGET_NAME)";
				SWIFT_EMIT_LOC_STRINGS = YES;
				SWIFT_VERSION = 5.0;
			};
			name = Release;
		};
/* End XCBuildConfiguration section */

/* Begin XCConfigurationList section */
		A10000007000000000000001 /* Build configuration list for PBXProject "PaperBridge" */ = {
			isa = XCConfigurationList;
			buildConfigurations = (
				A10000008000000000000001 /* Debug */,
				A10000008000000000000002 /* Release */,
			);
			defaultConfigurationIsVisible = 0;
			defaultConfigurationName = Release;
		};
		A10000007000000000000002 /* Build configuration list for PBXNativeTarget "PaperBridge" */ = {
			isa = XCConfigurationList;
			buildConfigurations = (
				A10000008000000000000003 /* Debug */,
				A10000008000000000000004 /* Release */,
			);
			defaultConfigurationIsVisible = 0;
			defaultConfigurationName = Release;
		};
/* End XCConfigurationList section */
	};
	rootObject = A10000006000000000000001 /* Project object */;
}
